
Microsoft Visual Studio Solution File, Format Version 12.00
# Visual Studio Version 16
VisualStudioVersion = 16.0.30907.101
MinimumVisualStudioVersion = 10.0.40219.1
Project("{FAE04EC0-301F-11D3-BF4B-00C04F79EFBC}") = "PPE-AppliLourd", "PPE-AppliLourd\PPE-AppliLourd.csproj", "{B4A6CDF4-F2E6-41E5-81E9-C483C7228484}"
EndProject
Project("{FAE04EC0-301F-11D3-BF4B-00C04F79EFBC}") = "PPE-AppliLourd.Android", "PPE-AppliLourd.Android\PPE-AppliLourd.Android.csproj", "{4F51F7B2-02FD-4FA6-88B5-8F76A4F8AB80}"
EndProject
Global
	GlobalSection(SolutionConfigurationPlatforms) = preSolution
		Debug|Any CPU = Debug|Any CPU
		Release|Any CPU = Release|Any CPU
	EndGlobalSection
	GlobalSection(ProjectConfigurationPlatforms) = postSolution
		{B4A6CDF4-F2E6-41E5-81E9-C483C7228484}.Debug|Any CPU.ActiveCfg = Debug|Any CPU
		{B4A6CDF4-F2E6-41E5-81E9-C483C7228484}.Debug|Any CPU.Build.0 = Debug|Any CPU
		{B4A6CDF4-F2E6-41E5-81E9-C483C7228484}.Release|Any CPU.ActiveCfg = Release|Any CPU
		{B4A6CDF4-F2E6-41E5-81E9-C483C7228484}.Release|Any CPU.Build.0 = Release|Any CPU
		{4F51F7B2-02FD-4FA6-88B5-8F76A4F8AB80}.Debug|Any CPU.ActiveCfg = Debug|Any CPU
		{4F51F7B2-02FD-4FA6-88B5-8F76A4F8AB80}.Debug|Any CPU.Build.0 = Debug|Any CPU
		{4F51F7B2-02FD-4FA6-88B5-8F76A4F8AB80}.Debug|Any CPU.Deploy.0 = Debug|Any CPU
		{4F51F7B2-02FD-4FA6-88B5-8F76A4F8AB80}.Release|Any CPU.ActiveCfg = Release|Any CPU
		{4F51F7B2-02FD-4FA6-88B5-8F76A4F8AB80}.Release|Any CPU.Build.0 = Release|Any CPU
		{4F51F7B2-02FD-4FA6-88B5-8F76A4F8AB80}.Release|Any CPU.Deploy.0 = Release|Any CPU
	EndGlobalSection
	GlobalSection(SolutionProperties) = preSolution
		HideSolutionNode = FALSE
	EndGlobalSection
	GlobalSection(ExtensibilityGlobals) = postSolution
		SolutionGuid = {D392C1D3-AF2E-417B-B477-D12AA8D655D3}
	EndGlobalSection
EndGlobal
